Microsoft Visual Studio Solution File, Format Version 11.00
# Visual Studio 2008

Project("{C8A3B37A-59EA-AF2F-3B17-205588D179EF}") = "Survolt Fever", "Assembly-CSharp-firstpass.csproj", "{1463467E-0592-FD62-B929-B932B8EF5513}"
EndProject
Project("{C8A3B37A-59EA-AF2F-3B17-205588D179EF}") = "Survolt Fever", "Assembly-CSharp.csproj", "{79C2DA23-91A3-C23E-0F87-F9C101C1FD74}"
EndProject
Project("{C8A3B37A-59EA-AF2F-3B17-205588D179EF}") = "Survolt Fever", "Assembly-CSharp-Editor.csproj", "{3665F9E5-FFD0-21A5-4168-DA0E9B39704E}"
EndProject
Global
	GlobalSection(SolutionConfigurationPlatforms) = preSolution
		Debug|Any CPU = Debug|Any CPU
		Release|Any CPU = Release|Any CPU
	EndGlobalSection
	GlobalSection(ProjectConfigurationPlatforms) = postSolution
		{1463467E-0592-FD62-B929-B932B8EF5513}.Debug|Any CPU.ActiveCfg = Debug|Any CPU
		{1463467E-0592-FD62-B929-B932B8EF5513}.Debug|Any CPU.Build.0 = Debug|Any CPU
		{1463467E-0592-FD62-B929-B932B8EF5513}.Release|Any CPU.ActiveCfg = Release|Any CPU
		{1463467E-0592-FD62-B929-B932B8EF5513}.Release|Any CPU.Build.0 = Release|Any CPU
		{79C2DA23-91A3-C23E-0F87-F9C101C1FD74}.Debug|Any CPU.ActiveCfg = Debug|Any CPU
		{79C2DA23-91A3-C23E-0F87-F9C101C1FD74}.Debug|Any CPU.Build.0 = Debug|Any CPU
		{79C2DA23-91A3-C23E-0F87-F9C101C1FD74}.Release|Any CPU.ActiveCfg = Release|Any CPU
		{79C2DA23-91A3-C23E-0F87-F9C101C1FD74}.Release|Any CPU.Build.0 = Release|Any CPU
		{3665F9E5-FFD0-21A5-4168-DA0E9B39704E}.Debug|Any CPU.ActiveCfg = Debug|Any CPU
		{3665F9E5-FFD0-21A5-4168-DA0E9B39704E}.Debug|Any CPU.Build.0 = Debug|Any CPU
		{3665F9E5-FFD0-21A5-4168-DA0E9B39704E}.Release|Any CPU.ActiveCfg = Release|Any CPU
		{3665F9E5-FFD0-21A5-4168-DA0E9B39704E}.Release|Any CPU.Build.0 = Release|Any CPU
	EndGlobalSection
	GlobalSection(SolutionProperties) = preSolution
		HideSolutionNode = FALSE
	EndGlobalSection
																														GlobalSection(MonoDevelopProperties) = preSolution
		StartupItem = Assembly-CSharp.csproj
		Policies = $0
		$0.TextStylePolicy = $1
		$1.inheritsSet = null
		$1.scope = text/x-csharp
		$0.CSharpFormattingPolicy = $2
		$2.inheritsSet = Mono
		$2.inheritsScope = text/x-csharp
		$2.scope = text/x-csharp
		$0.TextStylePolicy = $3
		$3.FileWidth = 120
		$3.TabWidth = 4
		$3.IndentWidth = 4
		$3.EolMarker = Unix
		$3.inheritsSet = Mono
		$3.inheritsScope = text/plain
		$3.scope = text/plain
	EndGlobalSection

EndGlobal
