
Microsoft Visual Studio Solution File, Format Version 12.00
# Visual Studio 2015
Project("{FAE04EC0-301F-11D3-BF4B-00C04F79EFBC}") = "Survolt Fever.CSharp.Plugins", "Survolt Fever.CSharp.Plugins.csproj", "{594C4E4F-9E33-0246-3419-063C04AF9B49}"
EndProject
Project("{FAE04EC0-301F-11D3-BF4B-00C04F79EFBC}") = "Survolt Fever.CSharp", "Survolt Fever.CSharp.csproj", "{26C949C8-283E-8896-B021-5812F941ED8E}"
EndProject
Project("{FAE04EC0-301F-11D3-BF4B-00C04F79EFBC}") = "Survolt Fever.CSharp.Editor", "Survolt Fever.CSharp.Editor.csproj", "{6FB5654E-596C-8E4D-5EB6-6698359AA139}"
EndProject
Global
	GlobalSection(SolutionConfigurationPlatforms) = preSolution
		Debug|Any CPU = Debug|Any CPU
		Release|Any CPU = Release|Any CPU
	EndGlobalSection
	GlobalSection(ProjectConfigurationPlatforms) = postSolution
		{594C4E4F-9E33-0246-3419-063C04AF9B49}.Debug|Any CPU.ActiveCfg = Debug|Any CPU
		{594C4E4F-9E33-0246-3419-063C04AF9B49}.Debug|Any CPU.Build.0 = Debug|Any CPU
		{594C4E4F-9E33-0246-3419-063C04AF9B49}.Release|Any CPU.ActiveCfg = Release|Any CPU
		{594C4E4F-9E33-0246-3419-063C04AF9B49}.Release|Any CPU.Build.0 = Release|Any CPU
		{26C949C8-283E-8896-B021-5812F941ED8E}.Debug|Any CPU.ActiveCfg = Debug|Any CPU
		{26C949C8-283E-8896-B021-5812F941ED8E}.Debug|Any CPU.Build.0 = Debug|Any CPU
		{26C949C8-283E-8896-B021-5812F941ED8E}.Release|Any CPU.ActiveCfg = Release|Any CPU
		{26C949C8-283E-8896-B021-5812F941ED8E}.Release|Any CPU.Build.0 = Release|Any CPU
		{6FB5654E-596C-8E4D-5EB6-6698359AA139}.Debug|Any CPU.ActiveCfg = Debug|Any CPU
		{6FB5654E-596C-8E4D-5EB6-6698359AA139}.Debug|Any CPU.Build.0 = Debug|Any CPU
		{6FB5654E-596C-8E4D-5EB6-6698359AA139}.Release|Any CPU.ActiveCfg = Release|Any CPU
		{6FB5654E-596C-8E4D-5EB6-6698359AA139}.Release|Any CPU.Build.0 = Release|Any CPU
	EndGlobalSection
	GlobalSection(SolutionProperties) = preSolution
		HideSolutionNode = FALSE
	EndGlobalSection
EndGlobal
